%{"certifi": {:hex, :certifi, "0.4.0"},
  "decimal": {:hex, :decimal, "1.1.1"},
  "earmark": {:hex, :earmark, "0.2.1"},
  "ecto": {:hex, :ecto, "0.15.0"},
  "erlzmq": {:git, "https://github.com/zeromq/erlzmq2.git", "7cf53b7dac4d1d4a49cf3a5925654570a42523c9", []},
  "esqlite": {:hex, :esqlite, "0.2.2"},
  "ex_doc": {:hex, :ex_doc, "0.11.4"},
  "excoveralls": {:hex, :excoveralls, "0.3.11"},
  "exjsx": {:hex, :exjsx, "3.2.0"},
  "hackney": {:hex, :hackney, "1.6.0"},
  "idna": {:hex, :idna, "1.2.0"},
  "inch_ex": {:hex, :inch_ex, "0.4.0"},
  "jsx": {:hex, :jsx, "2.6.2"},
  "metrics": {:hex, :metrics, "1.0.1"},
  "mimerl": {:hex, :mimerl, "1.0.2"},
  "pipe": {:hex, :pipe, "0.0.2"},
  "poison": {:git, "https://github.com/devinus/poison.git", "7a7882e8b9877c8868eabaa6b005c813f8d6dc6b", []},
  "poolboy": {:hex, :poolboy, "1.5.1"},
  "quickrand": {:hex, :quickrand, "1.5.1"},
  "sqlite_ecto": {:hex, :sqlite_ecto, "0.5.0"},
  "sqlitex": {:hex, :sqlitex, "0.8.3"},
  "ssl_verify_fun": {:hex, :ssl_verify_fun, "1.1.0"},
  "uuid": {:git, "https://github.com/okeuday/uuid.git", "c27a3f42e8b62fdf5a5ddbc708b74f9b30dba045", []}}
